
Microsoft Visual Studio Solution File, Format Version 12.00
# Visual Studio Version 17
VisualStudioVersion = 17.0.31912.275
MinimumVisualStudioVersion = 10.0.40219.1
Project("{FAE04EC0-301F-11D3-BF4B-00C04F79EFBC}") = "Konzole-grafika", "Konzole-grafika\Konzole-grafika.csproj", "{8E3A4BF1-3D2C-4426-B25D-25C1265F3A85}"
EndProject
Global
	GlobalSection(SolutionConfigurationPlatforms) = preSolution
		Debug|Any CPU = Debug|Any CPU
		Release|Any CPU = Release|Any CPU
	EndGlobalSection
	GlobalSection(ProjectConfigurationPlatforms) = postSolution
		{8E3A4BF1-3D2C-4426-B25D-25C1265F3A85}.Debug|Any CPU.ActiveCfg = Debug|Any CPU
		{8E3A4BF1-3D2C-4426-B25D-25C1265F3A85}.Debug|Any CPU.Build.0 = Debug|Any CPU
		{8E3A4BF1-3D2C-4426-B25D-25C1265F3A85}.Release|Any CPU.ActiveCfg = Release|Any CPU
		{8E3A4BF1-3D2C-4426-B25D-25C1265F3A85}.Release|Any CPU.Build.0 = Release|Any CPU
	EndGlobalSection
	GlobalSection(SolutionProperties) = preSolution
		HideSolutionNode = FALSE
	EndGlobalSection
	GlobalSection(ExtensibilityGlobals) = postSolution
		SolutionGuid = {0F0CA6D2-28E4-4785-A9BD-AE746EFECA8C}
	EndGlobalSection
EndGlobal
